Microsoft Visual Studio Solution File, Format Version 12.00
# Visual Studio Version 17
VisualStudioVersion = 17.5.2.0
MinimumVisualStudioVersion = 10.0.40219.1
Project("{FAE04EC0-301F-11D3-BF4B-00C04F79EFBC}") = "practice-2", "practice-2.csproj", "{18747BF6-54DE-1395-CBBA-4095A97A182D}"
EndProject
Global
	GlobalSection(SolutionConfigurationPlatforms) = preSolution
		Debug|Any CPU = Debug|Any CPU
		Release|Any CPU = Release|Any CPU
	EndGlobalSection
	GlobalSection(ProjectConfigurationPlatforms) = postSolution
		{18747BF6-54DE-1395-CBBA-4095A97A182D}.Debug|Any CPU.ActiveCfg = Debug|Any CPU
		{18747BF6-54DE-1395-CBBA-4095A97A182D}.Debug|Any CPU.Build.0 = Debug|Any CPU
		{18747BF6-54DE-1395-CBBA-4095A97A182D}.Release|Any CPU.ActiveCfg = Release|Any CPU
		{18747BF6-54DE-1395-CBBA-4095A97A182D}.Release|Any CPU.Build.0 = Release|Any CPU
	EndGlobalSection
	GlobalSection(SolutionProperties) = preSolution
		HideSolutionNode = FALSE
	EndGlobalSection
	GlobalSection(ExtensibilityGlobals) = postSolution
		SolutionGuid = {D988DAD5-4A03-4943-A4F1-9D766C71A276}
	EndGlobalSection
EndGlobal
